
Microsoft Visual Studio Solution File, Format Version 12.00
# Visual Studio Version 17
VisualStudioVersion = 17.8.34511.84
MinimumVisualStudioVersion = 10.0.40219.1
Project("{FAE04EC0-301F-11D3-BF4B-00C04F79EFBC}") = "InsuranceManagement(Codding Challenge)", "InsuranceManagement(Codding Challenge).csproj", "{C5110C40-0E26-4510-8DAA-178006FFB8E5}"
EndProject
Global
	GlobalSection(SolutionConfigurationPlatforms) = preSolution
		Debug|Any CPU = Debug|Any CPU
		Release|Any CPU = Release|Any CPU
	EndGlobalSection
	GlobalSection(ProjectConfigurationPlatforms) = postSolution
		{C5110C40-0E26-4510-8DAA-178006FFB8E5}.Debug|Any CPU.ActiveCfg = Debug|Any CPU
		{C5110C40-0E26-4510-8DAA-178006FFB8E5}.Debug|Any CPU.Build.0 = Debug|Any CPU
		{C5110C40-0E26-4510-8DAA-178006FFB8E5}.Release|Any CPU.ActiveCfg = Release|Any CPU
		{C5110C40-0E26-4510-8DAA-178006FFB8E5}.Release|Any CPU.Build.0 = Release|Any CPU
	EndGlobalSection
	GlobalSection(SolutionProperties) = preSolution
		HideSolutionNode = FALSE
	EndGlobalSection
	GlobalSection(ExtensibilityGlobals) = postSolution
		SolutionGuid = {FB6C2751-C790-458C-B7E9-9FB9C733D260}
	EndGlobalSection
EndGlobal
